# This file is automatically @generated by Cargo.
# It is not intended for manual editing.
version = 4

[[package]]
name = "nexus-agent"
version = "0.1.0"
dependencies = [
 "nexus-core",
 "nexus-net",
 "nexus-script",
]

[[package]]
name = "nexus-agent-sdk-rs"
version = "0.1.0"

[[package]]
name = "nexus-assets"
version = "0.1.0"
dependencies = [
 "nexus-core",
 "nexus-hal",
]

[[package]]
name = "nexus-audio"
version = "0.1.0"
dependencies = [
 "nexus-assets",
 "nexus-core",
 "nexus-hal",
]

[[package]]
name = "nexus-cli"
version = "0.1.0"

[[package]]
name = "nexus-codegen"
version = "0.1.0"

[[package]]
name = "nexus-core"
version = "0.1.0"

[[package]]
name = "nexus-editor"
version = "0.1.0"
dependencies = [
 "nexus-agent",
 "nexus-core",
 "nexus-hal",
 "nexus-renderer",
]

[[package]]
name = "nexus-engine"
version = "0.1.0"
dependencies = [
 "nexus-agent",
 "nexus-assets",
 "nexus-audio",
 "nexus-core",
 "nexus-hal",
 "nexus-net",
 "nexus-physics",
 "nexus-renderer",
 "nexus-script",
]

[[package]]
name = "nexus-fps"
version = "0.1.0"

[[package]]
name = "nexus-genre-battleroyal"
version = "0.1.0"
dependencies = [
 "nexus-core",
 "nexus-script",
]

[[package]]
name = "nexus-genre-fighting"
version = "0.1.0"
dependencies = [
 "nexus-core",
 "nexus-script",
]

[[package]]
name = "nexus-genre-fps"
version = "0.1.0"
dependencies = [
 "nexus-core",
 "nexus-script",
]

[[package]]
name = "nexus-genre-horror"
version = "0.1.0"
dependencies = [
 "nexus-core",
 "nexus-script",
]

[[package]]
name = "nexus-genre-mmorpg"
version = "0.1.0"
dependencies = [
 "nexus-core",
 "nexus-script",
]

[[package]]
name = "nexus-genre-moba"
version = "0.1.0"
dependencies = [
 "nexus-core",
 "nexus-script",
]

[[package]]
name = "nexus-genre-openworld"
version = "0.1.0"
dependencies = [
 "nexus-core",
 "nexus-script",
]

[[package]]
name = "nexus-genre-platformer"
version = "0.1.0"
dependencies = [
 "nexus-core",
 "nexus-script",
]

[[package]]
name = "nexus-genre-puzzle"
version = "0.1.0"
dependencies = [
 "nexus-core",
 "nexus-script",
]

[[package]]
name = "nexus-genre-racing"
version = "0.1.0"
dependencies = [
 "nexus-core",
 "nexus-script",
]

[[package]]
name = "nexus-genre-roguelike"
version = "0.1.0"
dependencies = [
 "nexus-core",
 "nexus-script",
]

[[package]]
name = "nexus-genre-rpg"
version = "0.1.0"
dependencies = [
 "nexus-core",
 "nexus-script",
]

[[package]]
name = "nexus-genre-rts"
version = "0.1.0"
dependencies = [
 "nexus-core",
 "nexus-script",
]

[[package]]
name = "nexus-genre-survival"
version = "0.1.0"
dependencies = [
 "nexus-core",
 "nexus-script",
]

[[package]]
name = "nexus-genre-towdef"
version = "0.1.0"
dependencies = [
 "nexus-core",
 "nexus-script",
]

[[package]]
name = "nexus-genre-visualnovel"
version = "0.1.0"
dependencies = [
 "nexus-core",
 "nexus-script",
]

[[package]]
name = "nexus-hal"
version = "0.1.0"
dependencies = [
 "nexus-core",
]

[[package]]
name = "nexus-merge"
version = "0.1.0"

[[package]]
name = "nexus-net"
version = "0.1.0"
dependencies = [
 "nexus-core",
]

[[package]]
name = "nexus-physics"
version = "0.1.0"
dependencies = [
 "nexus-core",
]

[[package]]
name = "nexus-platformer"
version = "0.1.0"

[[package]]
name = "nexus-renderer"
version = "0.1.0"
dependencies = [
 "nexus-assets",
 "nexus-core",
 "nexus-hal",
]

[[package]]
name = "nexus-rpg"
version = "0.1.0"

[[package]]
name = "nexus-rts"
version = "0.1.0"

[[package]]
name = "nexus-scenario"
version = "0.1.0"

[[package]]
name = "nexus-script"
version = "0.1.0"
dependencies = [
 "nexus-core",
]

[[package]]
name = "nexus-style-2d"
version = "0.1.0"
dependencies = [
 "nexus-assets",
 "nexus-core",
 "nexus-renderer",
]

[[package]]
name = "nexus-style-mixed"
version = "0.1.0"
dependencies = [
 "nexus-assets",
 "nexus-core",
 "nexus-renderer",
]

[[package]]
name = "nexus-style-npr"
version = "0.1.0"
dependencies = [
 "nexus-assets",
 "nexus-core",
 "nexus-renderer",
]

[[package]]
name = "nexus-style-pbr"
version = "0.1.0"
dependencies = [
 "nexus-assets",
 "nexus-core",
 "nexus-renderer",
]

[[package]]
name = "nexus-style-pixel"
version = "0.1.0"
dependencies = [
 "nexus-assets",
 "nexus-core",
 "nexus-renderer",
]
